
Microsoft Visual Studio Solution File, Format Version 12.00
# Visual Studio Version 16
VisualStudioVersion = 16.0.29424.173
MinimumVisualStudioVersion = 10.0.40219.1
Project("{FAE04EC0-301F-11D3-BF4B-00C04F79EFBC}") = "FinAppApi", "FinAppApi\FinAppApi.csproj", "{9F5F1FF7-EDD5-4966-9665-1C9B6FF3C511}"
EndProject
Project("{FAE04EC0-301F-11D3-BF4B-00C04F79EFBC}") = "FinAppDataManger.Library", "FinAppDataManger.Library\FinAppDataManger.Library.csproj", "{59347CFE-7D3A-4F79-9C30-7468FF3B6DB7}"
EndProject
Project("{00D1A9C2-B5F0-4AF3-8072-F6C62B433612}") = "FinAppDataBase", "FinAppDataBase\FinAppDataBase.sqlproj", "{C4A83C09-8025-4C49-BB34-7D5C998247BC}"
EndProject
Global
	GlobalSection(SolutionConfigurationPlatforms) = preSolution
		Debug|Any CPU = Debug|Any CPU
		Release|Any CPU = Release|Any CPU
	EndGlobalSection
	GlobalSection(ProjectConfigurationPlatforms) = postSolution
		{9F5F1FF7-EDD5-4966-9665-1C9B6FF3C511}.Debug|Any CPU.ActiveCfg = Debug|Any CPU
		{9F5F1FF7-EDD5-4966-9665-1C9B6FF3C511}.Debug|Any CPU.Build.0 = Debug|Any CPU
		{9F5F1FF7-EDD5-4966-9665-1C9B6FF3C511}.Release|Any CPU.ActiveCfg = Release|Any CPU
		{9F5F1FF7-EDD5-4966-9665-1C9B6FF3C511}.Release|Any CPU.Build.0 = Release|Any CPU
		{59347CFE-7D3A-4F79-9C30-7468FF3B6DB7}.Debug|Any CPU.ActiveCfg = Debug|Any CPU
		{59347CFE-7D3A-4F79-9C30-7468FF3B6DB7}.Debug|Any CPU.Build.0 = Debug|Any CPU
		{59347CFE-7D3A-4F79-9C30-7468FF3B6DB7}.Release|Any CPU.ActiveCfg = Release|Any CPU
		{59347CFE-7D3A-4F79-9C30-7468FF3B6DB7}.Release|Any CPU.Build.0 = Release|Any CPU
		{C4A83C09-8025-4C49-BB34-7D5C998247BC}.Debug|Any CPU.ActiveCfg = Debug|Any CPU
		{C4A83C09-8025-4C49-BB34-7D5C998247BC}.Debug|Any CPU.Build.0 = Debug|Any CPU
		{C4A83C09-8025-4C49-BB34-7D5C998247BC}.Debug|Any CPU.Deploy.0 = Debug|Any CPU
		{C4A83C09-8025-4C49-BB34-7D5C998247BC}.Release|Any CPU.ActiveCfg = Release|Any CPU
		{C4A83C09-8025-4C49-BB34-7D5C998247BC}.Release|Any CPU.Build.0 = Release|Any CPU
		{C4A83C09-8025-4C49-BB34-7D5C998247BC}.Release|Any CPU.Deploy.0 = Release|Any CPU
	EndGlobalSection
	GlobalSection(SolutionProperties) = preSolution
		HideSolutionNode = FALSE
	EndGlobalSection
	GlobalSection(ExtensibilityGlobals) = postSolution
		SolutionGuid = {4D0E585C-EC0C-44FE-85B3-5CB8653C96CA}
	EndGlobalSection
EndGlobal
